
Microsoft Visual Studio Solution File, Format Version 12.00
# Visual Studio 2012
Project("{FAE04EC0-301F-11D3-BF4B-00C04F79EFBC}") = "CubeController", "CubeController\CubeController.csproj", "{B6F095D3-5B3C-42DA-98F1-B24EAC8577D6}"
EndProject
Project("{FAE04EC0-301F-11D3-BF4B-00C04F79EFBC}") = "TestCubeController", "TestCubeController\TestCubeController.csproj", "{BF75E4EF-EDAC-4B77-A87D-33A19C1B338D}"
EndProject
Global
	GlobalSection(SolutionConfigurationPlatforms) = preSolution
		Debug|Any CPU = Debug|Any CPU
		Release|Any CPU = Release|Any CPU
	EndGlobalSection
	GlobalSection(ProjectConfigurationPlatforms) = postSolution
		{B6F095D3-5B3C-42DA-98F1-B24EAC8577D6}.Debug|Any CPU.ActiveCfg = Debug|Any CPU
		{B6F095D3-5B3C-42DA-98F1-B24EAC8577D6}.Debug|Any CPU.Build.0 = Debug|Any CPU
		{B6F095D3-5B3C-42DA-98F1-B24EAC8577D6}.Release|Any CPU.ActiveCfg = Release|Any CPU
		{B6F095D3-5B3C-42DA-98F1-B24EAC8577D6}.Release|Any CPU.Build.0 = Release|Any CPU
		{BF75E4EF-EDAC-4B77-A87D-33A19C1B338D}.Debug|Any CPU.ActiveCfg = Debug|Any CPU
		{BF75E4EF-EDAC-4B77-A87D-33A19C1B338D}.Debug|Any CPU.Build.0 = Debug|Any CPU
		{BF75E4EF-EDAC-4B77-A87D-33A19C1B338D}.Release|Any CPU.ActiveCfg = Release|Any CPU
		{BF75E4EF-EDAC-4B77-A87D-33A19C1B338D}.Release|Any CPU.Build.0 = Release|Any CPU
	EndGlobalSection
EndGlobal
